
Microsoft Visual Studio Solution File, Format Version 12.00
# Visual Studio 15
Project("{FAE04EC0-301F-11D3-BF4B-00C04F79EFBC}") = "Component.DB.Android", "Component.DB.Android\Component.DB.Android.csproj", "{EC843627-1DF0-464D-AABF-5C12132ECB63}"
EndProject
Project("{FAE04EC0-301F-11D3-BF4B-00C04F79EFBC}") = "Component.DB.iOS", "Component.DB.iOS\Component.DB.iOS.csproj", "{197388E0-4F2A-4142-895F-73C492CD23BF}"
EndProject
Project("{FAE04EC0-301F-11D3-BF4B-00C04F79EFBC}") = "Component.DB.UITests", "Component.DB.UITests\Component.DB.UITests.csproj", "{50CC8A67-2EE5-41AB-81FD-77AF091EC90A}"
EndProject
Project("{FAE04EC0-301F-11D3-BF4B-00C04F79EFBC}") = "Component.DB", "Component.DB\Component.DB.csproj", "{D9AB1A18-1EBC-4649-96E3-22913DC84234}"
EndProject
Global
	GlobalSection(SolutionConfigurationPlatforms) = preSolution
		Debug|Any CPU = Debug|Any CPU
		Release|Any CPU = Release|Any CPU
		Debug|iPhoneSimulator = Debug|iPhoneSimulator
		Release|iPhoneSimulator = Release|iPhoneSimulator
		Debug|iPhone = Debug|iPhone
		Release|iPhone = Release|iPhone
		Debug Zebra|Any CPU = Debug Zebra|Any CPU
		Release Zebra|Any CPU = Release Zebra|Any CPU
		ReleaseZebra|Any CPU = ReleaseZebra|Any CPU
	EndGlobalSection
	GlobalSection(ProjectConfigurationPlatforms) = postSolution
		{EC843627-1DF0-464D-AABF-5C12132ECB63}.Debug|Any CPU.ActiveCfg = Debug|Any CPU
		{EC843627-1DF0-464D-AABF-5C12132ECB63}.Debug|Any CPU.Build.0 = Debug|Any CPU
		{EC843627-1DF0-464D-AABF-5C12132ECB63}.Release|Any CPU.ActiveCfg = Release|Any CPU
		{EC843627-1DF0-464D-AABF-5C12132ECB63}.Release|Any CPU.Build.0 = Release|Any CPU
		{EC843627-1DF0-464D-AABF-5C12132ECB63}.Debug|iPhoneSimulator.ActiveCfg = Debug|Any CPU
		{EC843627-1DF0-464D-AABF-5C12132ECB63}.Debug|iPhoneSimulator.Build.0 = Debug|Any CPU
		{EC843627-1DF0-464D-AABF-5C12132ECB63}.Release|iPhoneSimulator.ActiveCfg = Release|Any CPU
		{EC843627-1DF0-464D-AABF-5C12132ECB63}.Release|iPhoneSimulator.Build.0 = Release|Any CPU
		{EC843627-1DF0-464D-AABF-5C12132ECB63}.Debug|iPhone.ActiveCfg = Debug|Any CPU
		{EC843627-1DF0-464D-AABF-5C12132ECB63}.Debug|iPhone.Build.0 = Debug|Any CPU
		{EC843627-1DF0-464D-AABF-5C12132ECB63}.Release|iPhone.ActiveCfg = Release|Any CPU
		{EC843627-1DF0-464D-AABF-5C12132ECB63}.Release|iPhone.Build.0 = Release|Any CPU
		{EC843627-1DF0-464D-AABF-5C12132ECB63}.Debug Zebra|Any CPU.ActiveCfg = Debug Zebra|Any CPU
		{EC843627-1DF0-464D-AABF-5C12132ECB63}.Debug Zebra|Any CPU.Build.0 = Debug Zebra|Any CPU
		{EC843627-1DF0-464D-AABF-5C12132ECB63}.ReleaseZebra|Any CPU.ActiveCfg = ReleaseZebra|Any CPU
		{EC843627-1DF0-464D-AABF-5C12132ECB63}.ReleaseZebra|Any CPU.Build.0 = ReleaseZebra|Any CPU
		{197388E0-4F2A-4142-895F-73C492CD23BF}.Debug|Any CPU.ActiveCfg = Debug|iPhoneSimulator
		{197388E0-4F2A-4142-895F-73C492CD23BF}.Debug|Any CPU.Build.0 = Debug|iPhoneSimulator
		{197388E0-4F2A-4142-895F-73C492CD23BF}.Release|Any CPU.ActiveCfg = Release|iPhoneSimulator
		{197388E0-4F2A-4142-895F-73C492CD23BF}.Release|Any CPU.Build.0 = Release|iPhoneSimulator
		{197388E0-4F2A-4142-895F-73C492CD23BF}.Debug|iPhoneSimulator.ActiveCfg = Debug|iPhoneSimulator
		{197388E0-4F2A-4142-895F-73C492CD23BF}.Debug|iPhoneSimulator.Build.0 = Debug|iPhoneSimulator
		{197388E0-4F2A-4142-895F-73C492CD23BF}.Release|iPhoneSimulator.ActiveCfg = Release|iPhoneSimulator
		{197388E0-4F2A-4142-895F-73C492CD23BF}.Release|iPhoneSimulator.Build.0 = Release|iPhoneSimulator
		{197388E0-4F2A-4142-895F-73C492CD23BF}.Debug|iPhone.ActiveCfg = Debug|iPhone
		{197388E0-4F2A-4142-895F-73C492CD23BF}.Debug|iPhone.Build.0 = Debug|iPhone
		{197388E0-4F2A-4142-895F-73C492CD23BF}.Release|iPhone.ActiveCfg = Release|iPhone
		{197388E0-4F2A-4142-895F-73C492CD23BF}.Release|iPhone.Build.0 = Release|iPhone
		{197388E0-4F2A-4142-895F-73C492CD23BF}.Debug Zebra|Any CPU.ActiveCfg = Debug|iPhoneSimulator
		{197388E0-4F2A-4142-895F-73C492CD23BF}.Debug Zebra|Any CPU.Build.0 = Debug|iPhoneSimulator
		{197388E0-4F2A-4142-895F-73C492CD23BF}.ReleaseZebra|Any CPU.ActiveCfg = ReleaseZebra|Any CPU
		{197388E0-4F2A-4142-895F-73C492CD23BF}.ReleaseZebra|Any CPU.Build.0 = ReleaseZebra|Any CPU
		{50CC8A67-2EE5-41AB-81FD-77AF091EC90A}.Debug|Any CPU.ActiveCfg = Debug|Any CPU
		{50CC8A67-2EE5-41AB-81FD-77AF091EC90A}.Debug|Any CPU.Build.0 = Debug|Any CPU
		{50CC8A67-2EE5-41AB-81FD-77AF091EC90A}.Release|Any CPU.ActiveCfg = Release|Any CPU
		{50CC8A67-2EE5-41AB-81FD-77AF091EC90A}.Release|Any CPU.Build.0 = Release|Any CPU
		{50CC8A67-2EE5-41AB-81FD-77AF091EC90A}.Debug|iPhoneSimulator.ActiveCfg = Debug|Any CPU
		{50CC8A67-2EE5-41AB-81FD-77AF091EC90A}.Debug|iPhoneSimulator.Build.0 = Debug|Any CPU
		{50CC8A67-2EE5-41AB-81FD-77AF091EC90A}.Release|iPhoneSimulator.ActiveCfg = Release|Any CPU
		{50CC8A67-2EE5-41AB-81FD-77AF091EC90A}.Release|iPhoneSimulator.Build.0 = Release|Any CPU
		{50CC8A67-2EE5-41AB-81FD-77AF091EC90A}.Debug|iPhone.ActiveCfg = Debug|Any CPU
		{50CC8A67-2EE5-41AB-81FD-77AF091EC90A}.Debug|iPhone.Build.0 = Debug|Any CPU
		{50CC8A67-2EE5-41AB-81FD-77AF091EC90A}.Release|iPhone.ActiveCfg = Release|Any CPU
		{50CC8A67-2EE5-41AB-81FD-77AF091EC90A}.Release|iPhone.Build.0 = Release|Any CPU
		{50CC8A67-2EE5-41AB-81FD-77AF091EC90A}.Debug Zebra|Any CPU.ActiveCfg = Debug|Any CPU
		{50CC8A67-2EE5-41AB-81FD-77AF091EC90A}.Debug Zebra|Any CPU.Build.0 = Debug|Any CPU
		{50CC8A67-2EE5-41AB-81FD-77AF091EC90A}.ReleaseZebra|Any CPU.ActiveCfg = ReleaseZebra|Any CPU
		{50CC8A67-2EE5-41AB-81FD-77AF091EC90A}.ReleaseZebra|Any CPU.Build.0 = ReleaseZebra|Any CPU
		{D9AB1A18-1EBC-4649-96E3-22913DC84234}.Debug|Any CPU.ActiveCfg = Debug|Any CPU
		{D9AB1A18-1EBC-4649-96E3-22913DC84234}.Debug|Any CPU.Build.0 = Debug|Any CPU
		{D9AB1A18-1EBC-4649-96E3-22913DC84234}.Release|Any CPU.ActiveCfg = Release|Any CPU
		{D9AB1A18-1EBC-4649-96E3-22913DC84234}.Release|Any CPU.Build.0 = Release|Any CPU
		{D9AB1A18-1EBC-4649-96E3-22913DC84234}.Debug|iPhoneSimulator.ActiveCfg = Debug|Any CPU
		{D9AB1A18-1EBC-4649-96E3-22913DC84234}.Debug|iPhoneSimulator.Build.0 = Debug|Any CPU
		{D9AB1A18-1EBC-4649-96E3-22913DC84234}.Release|iPhoneSimulator.ActiveCfg = Release|Any CPU
		{D9AB1A18-1EBC-4649-96E3-22913DC84234}.Release|iPhoneSimulator.Build.0 = Release|Any CPU
		{D9AB1A18-1EBC-4649-96E3-22913DC84234}.Debug|iPhone.ActiveCfg = Debug|Any CPU
		{D9AB1A18-1EBC-4649-96E3-22913DC84234}.Debug|iPhone.Build.0 = Debug|Any CPU
		{D9AB1A18-1EBC-4649-96E3-22913DC84234}.Release|iPhone.ActiveCfg = Release|Any CPU
		{D9AB1A18-1EBC-4649-96E3-22913DC84234}.Release|iPhone.Build.0 = Release|Any CPU
		{D9AB1A18-1EBC-4649-96E3-22913DC84234}.Debug Zebra|Any CPU.ActiveCfg = Debug|Any CPU
		{D9AB1A18-1EBC-4649-96E3-22913DC84234}.Debug Zebra|Any CPU.Build.0 = Debug|Any CPU
		{D9AB1A18-1EBC-4649-96E3-22913DC84234}.ReleaseZebra|Any CPU.ActiveCfg = ReleaseZebra|Any CPU
		{D9AB1A18-1EBC-4649-96E3-22913DC84234}.ReleaseZebra|Any CPU.Build.0 = ReleaseZebra|Any CPU
	EndGlobalSection
EndGlobal
